// !$*UTF8*$!
{
	archiveVersion = 1;
	classes = {
	};
	objectVersion = 77;
	objects = {

/* Begin PBXBuildFile section */
		A00000000000000000000016 /* GRDB in Frameworks */ = {isa = PBXBuildFile; productRef = A00000000000000000000015 /* GRDB */; };
		A00000000000000000000026 /* GRDB in Frameworks */ = {isa = PBXBuildFile; productRef = A0000000000000000000002A /* GRDB */; };
		A00000000000000000000036 /* GRDB in Frameworks */ = {isa = PBXBuildFile; productRef = A0000000000000000000003A /* GRDB */; };
/* End PBXBuildFile section */

/* Begin PBXFileReference section */
		A00000000000000000000007 /* TeXNote.app */ = {isa = PBXFileReference; explicitFileType = wrapper.application; includeInIndex = 0; path = TeXNote.app; sourceTree = BUILT_PRODUCTS_DIR; };
		A00000000000000000000021 /* TeXNote iPad.app */ = {isa = PBXFileReference; explicitFileType = wrapper.application; includeInIndex = 0; path = "TeXNote iPad.app"; sourceTree = BUILT_PRODUCTS_DIR; };
		A00000000000000000000031 /* TeXNote iPhone.app */ = {isa = PBXFileReference; explicitFileType = wrapper.application; includeInIndex = 0; path = "TeXNote iPhone.app"; sourceTree = BUILT_PRODUCTS_DIR; };
/* End PBXFileReference section */

/* Begin PBXFileSystemSynchronizedBuildFileExceptionSet section */
		A00000000000000000000013 /* Exceptions for "TeXNote" folder in "TeXNote" target */ = {
			isa = PBXFileSystemSynchronizedBuildFileExceptionSet;
			membershipExceptions = (
				Info.plist,
				Platform/iOS/iOSTeXSourceEditor.swift,
				Platform/iOS/iOSTeXNoteRootView.swift,
				Platform/iPad/Info.plist,
				Platform/iPad/iPadPackageBookmarkOptions.swift,
				Platform/iPad/iPadTeXCompilerFactory.swift,
				Platform/iPad/iPadTeXNoteApp.swift,
				Platform/iPhone/Info.plist,
				Platform/iPhone/iPhonePackageBookmarkOptions.swift,
				Platform/iPhone/iPhoneTeXCompilerFactory.swift,
				Platform/iPhone/iPhoneTeXNoteApp.swift,
			);
			target = A00000000000000000000005 /* TeXNote */;
		};
		A00000000000000000000022 /* Exceptions for "TeXNote" folder in "TeXNote iPad" target */ = {
			isa = PBXFileSystemSynchronizedBuildFileExceptionSet;
			membershipExceptions = (
				Info.plist,
				Platform/iPad/Info.plist,
				Platform/iPhone/Info.plist,
				Platform/iPhone/iPhonePackageBookmarkOptions.swift,
				Platform/iPhone/iPhoneTeXCompilerFactory.swift,
				Platform/iPhone/iPhoneTeXNoteApp.swift,
				Platform/macOS/LocalTeXCompiler.swift,
				Platform/macOS/macOSAboutView.swift,
				Platform/macOS/macOSApplicationDelegate.swift,
				Platform/macOS/macOSPackageBookmarkOptions.swift,
				Platform/macOS/macOSPDFZoomControls.swift,
				Platform/macOS/macOSSettingsView.swift,
				Platform/macOS/macOSTeXSourceEditor.swift,
				Platform/macOS/macOSTeXCompilerFactory.swift,
				Platform/macOS/macOSTeXNoteApp.swift,
			);
			target = A00000000000000000000020 /* TeXNote iPad */;
		};
		A00000000000000000000032 /* Exceptions for "TeXNote" folder in "TeXNote iPhone" target */ = {
			isa = PBXFileSystemSynchronizedBuildFileExceptionSet;
			membershipExceptions = (
				Info.plist,
				Platform/iPad/Info.plist,
				Platform/iPad/iPadPackageBookmarkOptions.swift,
				Platform/iPad/iPadTeXCompilerFactory.swift,
				Platform/iPad/iPadTeXNoteApp.swift,
				Platform/iPhone/Info.plist,
				Platform/macOS/LocalTeXCompiler.swift,
				Platform/macOS/macOSAboutView.swift,
				Platform/macOS/macOSApplicationDelegate.swift,
				Platform/macOS/macOSPackageBookmarkOptions.swift,
				Platform/macOS/macOSPDFZoomControls.swift,
				Platform/macOS/macOSSettingsView.swift,
				Platform/macOS/macOSTeXSourceEditor.swift,
				Platform/macOS/macOSTeXCompilerFactory.swift,
				Platform/macOS/macOSTeXNoteApp.swift,
			);
			target = A00000000000000000000030 /* TeXNote iPhone */;
		};
/* End PBXFileSystemSynchronizedBuildFileExceptionSet section */

/* Begin PBXFileSystemSynchronizedRootGroup section */
		A00000000000000000000006 /* TeXNote */ = {
			isa = PBXFileSystemSynchronizedRootGroup;
			exceptions = (
				A00000000000000000000013 /* Exceptions for "TeXNote" folder in "TeXNote" target */,
				A00000000000000000000022 /* Exceptions for "TeXNote" folder in "TeXNote iPad" target */,
				A00000000000000000000032 /* Exceptions for "TeXNote" folder in "TeXNote iPhone" target */,
			);
			path = TeXNote;
			sourceTree = "<group>";
		};
/* End PBXFileSystemSynchronizedRootGroup section */

/* Begin PBXFrameworksBuildPhase section */
		A0000000000000000000000A /* Frameworks */ = {
			isa = PBXFrameworksBuildPhase;
			buildActionMask = 2147483647;
			files = (
				A00000000000000000000016 /* GRDB in Frameworks */,
			);
			runOnlyForDeploymentPostprocessing = 0;
		};
		A00000000000000000000024 /* Frameworks */ = {
			isa = PBXFrameworksBuildPhase;
			buildActionMask = 2147483647;
			files = (
				A00000000000000000000026 /* GRDB in Frameworks */,
			);
			runOnlyForDeploymentPostprocessing = 0;
		};
		A00000000000000000000034 /* Frameworks */ = {
			isa = PBXFrameworksBuildPhase;
			buildActionMask = 2147483647;
			files = (
				A00000000000000000000036 /* GRDB in Frameworks */,
			);
			runOnlyForDeploymentPostprocessing = 0;
		};
/* End PBXFrameworksBuildPhase section */

/* Begin PBXGroup section */
		A00000000000000000000003 = {
			isa = PBXGroup;
			children = (
				A00000000000000000000006 /* TeXNote */,
				A00000000000000000000004 /* Products */,
			);
			sourceTree = "<group>";
		};
		A00000000000000000000004 /* Products */ = {
			isa = PBXGroup;
			children = (
				A00000000000000000000007 /* TeXNote.app */,
				A00000000000000000000021 /* TeXNote iPad.app */,
				A00000000000000000000031 /* TeXNote iPhone.app */,
			);
			name = Products;
			sourceTree = "<group>";
		};
/* End PBXGroup section */

/* Begin PBXNativeTarget section */
		A00000000000000000000005 /* TeXNote */ = {
			isa = PBXNativeTarget;
			buildConfigurationList = A00000000000000000000008 /* Build configuration list for PBXNativeTarget "TeXNote" */;
			buildPhases = (
				A00000000000000000000009 /* Sources */,
				A0000000000000000000000A /* Frameworks */,
				A0000000000000000000000B /* Resources */,
			);
			buildRules = (
			);
			dependencies = (
			);
			fileSystemSynchronizedGroups = (
				A00000000000000000000006 /* TeXNote */,
			);
			name = TeXNote;
			packageProductDependencies = (
				A00000000000000000000015 /* GRDB */,
			);
			productName = TeXNote;
			productReference = A00000000000000000000007 /* TeXNote.app */;
			productType = "com.apple.product-type.application";
		};
		A00000000000000000000020 /* TeXNote iPad */ = {
			isa = PBXNativeTarget;
			buildConfigurationList = A00000000000000000000027 /* Build configuration list for PBXNativeTarget "TeXNote iPad" */;
			buildPhases = (
				A00000000000000000000023 /* Sources */,
				A00000000000000000000024 /* Frameworks */,
				A00000000000000000000025 /* Resources */,
			);
			buildRules = (
			);
			dependencies = (
			);
			fileSystemSynchronizedGroups = (
				A00000000000000000000006 /* TeXNote */,
			);
			name = "TeXNote iPad";
			packageProductDependencies = (
				A0000000000000000000002A /* GRDB */,
			);
			productName = "TeXNote iPad";
			productReference = A00000000000000000000021 /* TeXNote iPad.app */;
			productType = "com.apple.product-type.application";
		};
		A00000000000000000000030 /* TeXNote iPhone */ = {
			isa = PBXNativeTarget;
			buildConfigurationList = A00000000000000000000037 /* Build configuration list for PBXNativeTarget "TeXNote iPhone" */;
			buildPhases = (
				A00000000000000000000033 /* Sources */,
				A00000000000000000000034 /* Frameworks */,
				A00000000000000000000035 /* Resources */,
			);
			buildRules = (
			);
			dependencies = (
			);
			fileSystemSynchronizedGroups = (
				A00000000000000000000006 /* TeXNote */,
			);
			name = "TeXNote iPhone";
			packageProductDependencies = (
				A0000000000000000000003A /* GRDB */,
			);
			productName = "TeXNote iPhone";
			productReference = A00000000000000000000031 /* TeXNote iPhone.app */;
			productType = "com.apple.product-type.application";
		};
/* End PBXNativeTarget section */

/* Begin PBXProject section */
		A00000000000000000000001 /* Project object */ = {
			isa = PBXProject;
			attributes = {
				BuildIndependentTargetsInParallel = 1;
				LastSwiftUpdateCheck = 2630;
				LastUpgradeCheck = 2630;
			};
			buildConfigurationList = A00000000000000000000002 /* Build configuration list for PBXProject "TeXNote" */;
			developmentRegion = ja;
			hasScannedForEncodings = 0;
			knownRegions = (
				ja,
				en,
				Base,
			);
			mainGroup = A00000000000000000000003;
			packageReferences = (
				A00000000000000000000014 /* XCRemoteSwiftPackageReference "GRDB.swift" */,
			);
			preferredProjectObjectVersion = 77;
			productRefGroup = A00000000000000000000004 /* Products */;
			projectDirPath = "";
			projectRoot = "";
			targets = (
				A00000000000000000000005 /* TeXNote */,
				A00000000000000000000020 /* TeXNote iPad */,
				A00000000000000000000030 /* TeXNote iPhone */,
			);
		};
/* End PBXProject section */

/* Begin PBXResourcesBuildPhase section */
		A0000000000000000000000B /* Resources */ = {
			isa = PBXResourcesBuildPhase;
			buildActionMask = 2147483647;
			files = (
			);
			runOnlyForDeploymentPostprocessing = 0;
		};
		A00000000000000000000025 /* Resources */ = {
			isa = PBXResourcesBuildPhase;
			buildActionMask = 2147483647;
			files = (
			);
			runOnlyForDeploymentPostprocessing = 0;
		};
		A00000000000000000000035 /* Resources */ = {
			isa = PBXResourcesBuildPhase;
			buildActionMask = 2147483647;
			files = (
			);
			runOnlyForDeploymentPostprocessing = 0;
		};
/* End PBXResourcesBuildPhase section */

/* Begin PBXSourcesBuildPhase section */
		A00000000000000000000009 /* Sources */ = {
			isa = PBXSourcesBuildPhase;
			buildActionMask = 2147483647;
			files = (
			);
			runOnlyForDeploymentPostprocessing = 0;
		};
		A00000000000000000000023 /* Sources */ = {
			isa = PBXSourcesBuildPhase;
			buildActionMask = 2147483647;
			files = (
			);
			runOnlyForDeploymentPostprocessing = 0;
		};
		A00000000000000000000033 /* Sources */ = {
			isa = PBXSourcesBuildPhase;
			buildActionMask = 2147483647;
			files = (
			);
			runOnlyForDeploymentPostprocessing = 0;
		};
/* End PBXSourcesBuildPhase section */

/* Begin XCBuildConfiguration section */
		A0000000000000000000000F /* Debug */ = {
			isa = XCBuildConfiguration;
			buildSettings = {
				ASSETCATALOG_COMPILER_APPICON_NAME = AppIconMac;
				CODE_SIGN_STYLE = Automatic;
				COMBINE_HIDPI_IMAGES = YES;
				CURRENT_PROJECT_VERSION = 1;
				GENERATE_INFOPLIST_FILE = NO;
				INFOPLIST_FILE = TeXNote/Info.plist;
				LD_RUNPATH_SEARCH_PATHS = (
					"$(inherited)",
					"@executable_path/../Frameworks",
				);
				MACOSX_DEPLOYMENT_TARGET = 15.0;
				MARKETING_VERSION = 0.1.0;
				PRODUCT_BUNDLE_IDENTIFIER = jp.texnote.app;
				PRODUCT_NAME = "$(TARGET_NAME)";
				SWIFT_EMIT_LOC_STRINGS = YES;
				SWIFT_STRICT_CONCURRENCY = complete;
				SWIFT_VERSION = 6.0;
			};
			name = Debug;
		};
		A00000000000000000000010 /* Release */ = {
			isa = XCBuildConfiguration;
			buildSettings = {
				ASSETCATALOG_COMPILER_APPICON_NAME = AppIconMac;
				CODE_SIGN_STYLE = Automatic;
				COMBINE_HIDPI_IMAGES = YES;
				CURRENT_PROJECT_VERSION = 1;
				GENERATE_INFOPLIST_FILE = NO;
				INFOPLIST_FILE = TeXNote/Info.plist;
				LD_RUNPATH_SEARCH_PATHS = (
					"$(inherited)",
					"@executable_path/../Frameworks",
				);
				MACOSX_DEPLOYMENT_TARGET = 15.0;
				MARKETING_VERSION = 0.1.0;
				PRODUCT_BUNDLE_IDENTIFIER = jp.texnote.app;
				PRODUCT_NAME = "$(TARGET_NAME)";
				SWIFT_EMIT_LOC_STRINGS = YES;
				SWIFT_STRICT_CONCURRENCY = complete;
				SWIFT_VERSION = 6.0;
			};
			name = Release;
		};
		A00000000000000000000011 /* Debug */ = {
			isa = XCBuildConfiguration;
			buildSettings = {
				CLANG_ENABLE_MODULES = YES;
				CLANG_ENABLE_OBJC_ARC = YES;
				SWIFT_OPTIMIZATION_LEVEL = "-Onone";
			};
			name = Debug;
		};
		A00000000000000000000012 /* Release */ = {
			isa = XCBuildConfiguration;
			buildSettings = {
				CLANG_ENABLE_MODULES = YES;
				CLANG_ENABLE_OBJC_ARC = YES;
				SWIFT_COMPILATION_MODE = wholemodule;
			};
			name = Release;
		};
		A00000000000000000000028 /* Debug */ = {
			isa = XCBuildConfiguration;
			buildSettings = {
				ASSETCATALOG_COMPILER_APPICON_NAME = AppIconIOS;
				CODE_SIGN_STYLE = Automatic;
				CURRENT_PROJECT_VERSION = 1;
				DEVELOPMENT_TEAM = 657FPAGC7T;
				GENERATE_INFOPLIST_FILE = NO;
				INFOPLIST_FILE = TeXNote/Platform/iPad/Info.plist;
				IPHONEOS_DEPLOYMENT_TARGET = 18.0;
				LD_RUNPATH_SEARCH_PATHS = (
					"$(inherited)",
					"@executable_path/Frameworks",
				);
				MARKETING_VERSION = 0.1.0;
				PRODUCT_BUNDLE_IDENTIFIER = jp.texnote.app.ipad;
				PRODUCT_NAME = "$(TARGET_NAME)";
				SDKROOT = iphoneos;
				SUPPORTED_PLATFORMS = "iphoneos iphonesimulator";
				SWIFT_EMIT_LOC_STRINGS = YES;
				SWIFT_STRICT_CONCURRENCY = complete;
				SWIFT_VERSION = 6.0;
				TARGETED_DEVICE_FAMILY = 2;
			};
			name = Debug;
		};
		A00000000000000000000029 /* Release */ = {
			isa = XCBuildConfiguration;
			buildSettings = {
				ASSETCATALOG_COMPILER_APPICON_NAME = AppIconIOS;
				CODE_SIGN_STYLE = Automatic;
				CURRENT_PROJECT_VERSION = 1;
				DEVELOPMENT_TEAM = 657FPAGC7T;
				GENERATE_INFOPLIST_FILE = NO;
				INFOPLIST_FILE = TeXNote/Platform/iPad/Info.plist;
				IPHONEOS_DEPLOYMENT_TARGET = 18.0;
				LD_RUNPATH_SEARCH_PATHS = (
					"$(inherited)",
					"@executable_path/Frameworks",
				);
				MARKETING_VERSION = 0.1.0;
				PRODUCT_BUNDLE_IDENTIFIER = jp.texnote.app.ipad;
				PRODUCT_NAME = "$(TARGET_NAME)";
				SDKROOT = iphoneos;
				SUPPORTED_PLATFORMS = "iphoneos iphonesimulator";
				SWIFT_EMIT_LOC_STRINGS = YES;
				SWIFT_STRICT_CONCURRENCY = complete;
				SWIFT_VERSION = 6.0;
				TARGETED_DEVICE_FAMILY = 2;
			};
			name = Release;
		};
		A00000000000000000000038 /* Debug */ = {
			isa = XCBuildConfiguration;
			buildSettings = {
				ASSETCATALOG_COMPILER_APPICON_NAME = AppIconIOS;
				CODE_SIGN_STYLE = Automatic;
				CURRENT_PROJECT_VERSION = 1;
				DEVELOPMENT_TEAM = 657FPAGC7T;
				GENERATE_INFOPLIST_FILE = NO;
				INFOPLIST_FILE = TeXNote/Platform/iPhone/Info.plist;
				IPHONEOS_DEPLOYMENT_TARGET = 18.0;
				LD_RUNPATH_SEARCH_PATHS = (
					"$(inherited)",
					"@executable_path/Frameworks",
				);
				MARKETING_VERSION = 0.1.0;
				PRODUCT_BUNDLE_IDENTIFIER = jp.texnote.app.iphone;
				PRODUCT_NAME = "$(TARGET_NAME)";
				SDKROOT = iphoneos;
				SUPPORTED_PLATFORMS = "iphoneos iphonesimulator";
				SWIFT_EMIT_LOC_STRINGS = YES;
				SWIFT_STRICT_CONCURRENCY = complete;
				SWIFT_VERSION = 6.0;
				TARGETED_DEVICE_FAMILY = 1;
			};
			name = Debug;
		};
		A00000000000000000000039 /* Release */ = {
			isa = XCBuildConfiguration;
			buildSettings = {
				ASSETCATALOG_COMPILER_APPICON_NAME = AppIconIOS;
				CODE_SIGN_STYLE = Automatic;
				CURRENT_PROJECT_VERSION = 1;
				DEVELOPMENT_TEAM = 657FPAGC7T;
				GENERATE_INFOPLIST_FILE = NO;
				INFOPLIST_FILE = TeXNote/Platform/iPhone/Info.plist;
				IPHONEOS_DEPLOYMENT_TARGET = 18.0;
				LD_RUNPATH_SEARCH_PATHS = (
					"$(inherited)",
					"@executable_path/Frameworks",
				);
				MARKETING_VERSION = 0.1.0;
				PRODUCT_BUNDLE_IDENTIFIER = jp.texnote.app.iphone;
				PRODUCT_NAME = "$(TARGET_NAME)";
				SDKROOT = iphoneos;
				SUPPORTED_PLATFORMS = "iphoneos iphonesimulator";
				SWIFT_EMIT_LOC_STRINGS = YES;
				SWIFT_STRICT_CONCURRENCY = complete;
				SWIFT_VERSION = 6.0;
				TARGETED_DEVICE_FAMILY = 1;
			};
			name = Release;
		};
/* End XCBuildConfiguration section */

/* Begin XCConfigurationList section */
		A00000000000000000000002 /* Build configuration list for PBXProject "TeXNote" */ = {
			isa = XCConfigurationList;
			buildConfigurations = (
				A00000000000000000000011 /* Debug */,
				A00000000000000000000012 /* Release */,
			);
			defaultConfigurationIsVisible = 0;
			defaultConfigurationName = Release;
		};
		A00000000000000000000008 /* Build configuration list for PBXNativeTarget "TeXNote" */ = {
			isa = XCConfigurationList;
			buildConfigurations = (
				A0000000000000000000000F /* Debug */,
				A00000000000000000000010 /* Release */,
			);
			defaultConfigurationIsVisible = 0;
			defaultConfigurationName = Release;
		};
		A00000000000000000000027 /* Build configuration list for PBXNativeTarget "TeXNote iPad" */ = {
			isa = XCConfigurationList;
			buildConfigurations = (
				A00000000000000000000028 /* Debug */,
				A00000000000000000000029 /* Release */,
			);
			defaultConfigurationIsVisible = 0;
			defaultConfigurationName = Release;
		};
		A00000000000000000000037 /* Build configuration list for PBXNativeTarget "TeXNote iPhone" */ = {
			isa = XCConfigurationList;
			buildConfigurations = (
				A00000000000000000000038 /* Debug */,
				A00000000000000000000039 /* Release */,
			);
			defaultConfigurationIsVisible = 0;
			defaultConfigurationName = Release;
		};
/* End XCConfigurationList section */

/* Begin XCRemoteSwiftPackageReference section */
		A00000000000000000000014 /* XCRemoteSwiftPackageReference "GRDB.swift" */ = {
			isa = XCRemoteSwiftPackageReference;
			repositoryURL = "https://github.com/groue/GRDB.swift.git";
			requirement = {
				kind = upToNextMajorVersion;
				minimumVersion = 7.11.1;
			};
		};
/* End XCRemoteSwiftPackageReference section */

/* Begin XCSwiftPackageProductDependency section */
		A00000000000000000000015 /* GRDB */ = {
			isa = XCSwiftPackageProductDependency;
			package = A00000000000000000000014 /* XCRemoteSwiftPackageReference "GRDB.swift" */;
			productName = GRDB;
		};
		A0000000000000000000002A /* GRDB */ = {
			isa = XCSwiftPackageProductDependency;
			package = A00000000000000000000014 /* XCRemoteSwiftPackageReference "GRDB.swift" */;
			productName = GRDB;
		};
		A0000000000000000000003A /* GRDB */ = {
			isa = XCSwiftPackageProductDependency;
			package = A00000000000000000000014 /* XCRemoteSwiftPackageReference "GRDB.swift" */;
			productName = GRDB;
		};
/* End XCSwiftPackageProductDependency section */
	};
	rootObject = A00000000000000000000001 /* Project object */;
}
